
Microsoft Visual Studio Solution File, Format Version 12.00
# Visual Studio Version 17
VisualStudioVersion = 17.8.34525.116
MinimumVisualStudioVersion = 10.0.40219.1
Project("{9A19103F-16F7-4668-BE54-9A1E7A4F7556}") = "Api", "src\Api\Api.csproj", "{8720D8DF-1A8C-498C-A1A9-7B7F9ED11EDE}"
EndProject
Project("{FAE04EC0-301F-11D3-BF4B-00C04F79EFBC}") = "Tests", "tests\Tests\Tests.csproj", "{9043EAA6-CB03-464E-8DC1-6692D05DE794}"
EndProject
Project("{2150E333-8FDC-42A3-9474-1A3956D46DE8}") = "Solution Items", "Solution Items", "{2DCBF196-1898-479A-88BE-2196747B05B5}"
	ProjectSection(SolutionItems) = preProject
		.dockerignore = .dockerignore
		docker-compose.yml = docker-compose.yml
		readme.md = readme.md
	EndProjectSection
EndProject
Global
	GlobalSection(SolutionConfigurationPlatforms) = preSolution
		Debug|Any CPU = Debug|Any CPU
		Release|Any CPU = Release|Any CPU
	EndGlobalSection
	GlobalSection(ProjectConfigurationPlatforms) = postSolution
		{8720D8DF-1A8C-498C-A1A9-7B7F9ED11EDE}.Debug|Any CPU.ActiveCfg = Debug|Any CPU
		{8720D8DF-1A8C-498C-A1A9-7B7F9ED11EDE}.Debug|Any CPU.Build.0 = Debug|Any CPU
		{8720D8DF-1A8C-498C-A1A9-7B7F9ED11EDE}.Release|Any CPU.ActiveCfg = Release|Any CPU
		{8720D8DF-1A8C-498C-A1A9-7B7F9ED11EDE}.Release|Any CPU.Build.0 = Release|Any CPU
		{9043EAA6-CB03-464E-8DC1-6692D05DE794}.Debug|Any CPU.ActiveCfg = Debug|Any CPU
		{9043EAA6-CB03-464E-8DC1-6692D05DE794}.Debug|Any CPU.Build.0 = Debug|Any CPU
		{9043EAA6-CB03-464E-8DC1-6692D05DE794}.Release|Any CPU.ActiveCfg = Release|Any CPU
		{9043EAA6-CB03-464E-8DC1-6692D05DE794}.Release|Any CPU.Build.0 = Release|Any CPU
	EndGlobalSection
	GlobalSection(SolutionProperties) = preSolution
		HideSolutionNode = FALSE
	EndGlobalSection
	GlobalSection(ExtensibilityGlobals) = postSolution
		SolutionGuid = {42E7CAF5-09A0-4C34-AE95-88E9F449A426}
	EndGlobalSection
EndGlobal
